
Microsoft Visual Studio Solution File, Format Version 11.00
# Visual C# Express 2010
Project("{FAE04EC0-301F-11D3-BF4B-00C04F79EFBC}") = "GameTest", "GameTest\GameTest.csproj", "{BB457667-8E27-48F7-ADB0-219C6A627F78}"
EndProject
Project("{FAE04EC0-301F-11D3-BF4B-00C04F79EFBC}") = "GameCore", "GameCore\GameCore.csproj", "{6A37F64E-7A87-4BFE-9FC2-BE4B7F594D47}"
EndProject
Project("{FAE04EC0-301F-11D3-BF4B-00C04F79EFBC}") = "GameMain", "GameMain\GameMain\GameMain.csproj", "{E37CF7F1-882A-48FB-A75C-63EC2C75388A}"
EndProject
Project("{96E2B04D-8817-42C6-938A-82C39BA4D311}") = "GameMainContent", "GameMain\GameMainContent\GameMainContent.contentproj", "{5D22F0E6-741B-4A61-9136-235E0F5EF318}"
EndProject
Global
	GlobalSection(SolutionConfigurationPlatforms) = preSolution
		Debug|Any CPU = Debug|Any CPU
		Debug|Mixed Platforms = Debug|Mixed Platforms
		Debug|x86 = Debug|x86
		Release|Any CPU = Release|Any CPU
		Release|Mixed Platforms = Release|Mixed Platforms
		Release|x86 = Release|x86
	EndGlobalSection
	GlobalSection(ProjectConfigurationPlatforms) = postSolution
		{BB457667-8E27-48F7-ADB0-219C6A627F78}.Debug|Any CPU.ActiveCfg = Debug|x86
		{BB457667-8E27-48F7-ADB0-219C6A627F78}.Debug|Mixed Platforms.ActiveCfg = Debug|x86
		{BB457667-8E27-48F7-ADB0-219C6A627F78}.Debug|Mixed Platforms.Build.0 = Debug|x86
		{BB457667-8E27-48F7-ADB0-219C6A627F78}.Debug|x86.ActiveCfg = Debug|x86
		{BB457667-8E27-48F7-ADB0-219C6A627F78}.Debug|x86.Build.0 = Debug|x86
		{BB457667-8E27-48F7-ADB0-219C6A627F78}.Release|Any CPU.ActiveCfg = Release|x86
		{BB457667-8E27-48F7-ADB0-219C6A627F78}.Release|Mixed Platforms.ActiveCfg = Release|x86
		{BB457667-8E27-48F7-ADB0-219C6A627F78}.Release|Mixed Platforms.Build.0 = Release|x86
		{BB457667-8E27-48F7-ADB0-219C6A627F78}.Release|x86.ActiveCfg = Release|x86
		{BB457667-8E27-48F7-ADB0-219C6A627F78}.Release|x86.Build.0 = Release|x86
		{6A37F64E-7A87-4BFE-9FC2-BE4B7F594D47}.Debug|Any CPU.ActiveCfg = Debug|Any CPU
		{6A37F64E-7A87-4BFE-9FC2-BE4B7F594D47}.Debug|Any CPU.Build.0 = Debug|Any CPU
		{6A37F64E-7A87-4BFE-9FC2-BE4B7F594D47}.Debug|Mixed Platforms.ActiveCfg = Debug|Any CPU
		{6A37F64E-7A87-4BFE-9FC2-BE4B7F594D47}.Debug|Mixed Platforms.Build.0 = Debug|Any CPU
		{6A37F64E-7A87-4BFE-9FC2-BE4B7F594D47}.Debug|x86.ActiveCfg = Debug|Any CPU
		{6A37F64E-7A87-4BFE-9FC2-BE4B7F594D47}.Release|Any CPU.ActiveCfg = Release|Any CPU
		{6A37F64E-7A87-4BFE-9FC2-BE4B7F594D47}.Release|Any CPU.Build.0 = Release|Any CPU
		{6A37F64E-7A87-4BFE-9FC2-BE4B7F594D47}.Release|Mixed Platforms.ActiveCfg = Release|Any CPU
		{6A37F64E-7A87-4BFE-9FC2-BE4B7F594D47}.Release|Mixed Platforms.Build.0 = Release|Any CPU
		{6A37F64E-7A87-4BFE-9FC2-BE4B7F594D47}.Release|x86.ActiveCfg = Release|Any CPU
		{E37CF7F1-882A-48FB-A75C-63EC2C75388A}.Debug|Any CPU.ActiveCfg = Debug|x86
		{E37CF7F1-882A-48FB-A75C-63EC2C75388A}.Debug|Mixed Platforms.ActiveCfg = Debug|x86
		{E37CF7F1-882A-48FB-A75C-63EC2C75388A}.Debug|Mixed Platforms.Build.0 = Debug|x86
		{E37CF7F1-882A-48FB-A75C-63EC2C75388A}.Debug|x86.ActiveCfg = Debug|x86
		{E37CF7F1-882A-48FB-A75C-63EC2C75388A}.Debug|x86.Build.0 = Debug|x86
		{E37CF7F1-882A-48FB-A75C-63EC2C75388A}.Release|Any CPU.ActiveCfg = Release|x86
		{E37CF7F1-882A-48FB-A75C-63EC2C75388A}.Release|Mixed Platforms.ActiveCfg = Release|x86
		{E37CF7F1-882A-48FB-A75C-63EC2C75388A}.Release|Mixed Platforms.Build.0 = Release|x86
		{E37CF7F1-882A-48FB-A75C-63EC2C75388A}.Release|x86.ActiveCfg = Release|x86
		{E37CF7F1-882A-48FB-A75C-63EC2C75388A}.Release|x86.Build.0 = Release|x86
		{5D22F0E6-741B-4A61-9136-235E0F5EF318}.Debug|Any CPU.ActiveCfg = Debug|x86
		{5D22F0E6-741B-4A61-9136-235E0F5EF318}.Debug|Mixed Platforms.ActiveCfg = Debug|x86
		{5D22F0E6-741B-4A61-9136-235E0F5EF318}.Debug|x86.ActiveCfg = Debug|x86
		{5D22F0E6-741B-4A61-9136-235E0F5EF318}.Release|Any CPU.ActiveCfg = Release|x86
		{5D22F0E6-741B-4A61-9136-235E0F5EF318}.Release|Mixed Platforms.ActiveCfg = Release|x86
		{5D22F0E6-741B-4A61-9136-235E0F5EF318}.Release|x86.ActiveCfg = Release|x86
	EndGlobalSection
	GlobalSection(SolutionProperties) = preSolution
		HideSolutionNode = FALSE
	EndGlobalSection
EndGlobal
